hash: 5be0b99d1cd5fe3d8959f587c300a76f8142bfe301fbb5cf2ce397132e2cf65f
updated: 2016-07-23T14:43:53.272175684+09:00
imports:
- name: github.com/golang/protobuf
  version: 874264fbbb43f4d91e999fecb4b40143ed611400
  subpackages:
  - proto
- name: github.com/kkohtaka/godep-trial
  version: 68725fb96700993abb867f68d22d59e7d843f18d
  subpackages:
  - server/pkg/hello
  - glide/server/pkg/hello
- name: golang.org/x/net
  version: 4d38db76854b199960801a1734443fd02870d7e1
  subpackages:
  - context
  - http2
  - trace
  - http2/hpack
  - lex/httplex
  - internal/timeseries
- name: google.golang.org/grpc
  version: 13edeeffdea7a41d5aad96c28deb4c7bd01a9397
  subpackages:
  - codes
  - credentials
  - grpclog
  - internal
  - metadata
  - naming
  - transport
  - peer
testImports: []
