hash: c8127459b72fc92e73a68cf5fb1820f7b9b8129fa29ac2b0a29e2159e39f52a7
updated: 2016-07-23T15:56:45.605981491+09:00
imports:
- name: github.com/golang/protobuf
  version: 874264fbbb43f4d91e999fecb4b40143ed611400
  subpackages:
  - proto
- name: github.com/kkohtaka/go-pkg-sample
  version: 97e87a6c7adf6b36054561d904ad54df44426d66
  subpackages:
  - glide/server/pkg/hello
  - godep/server/pkg/hello
  - none/server/pkg/hello
- name: golang.org/x/net
  version: 4d38db76854b199960801a1734443fd02870d7e1
  subpackages:
  - context
  - http2
  - trace
  - http2/hpack
  - lex/httplex
  - internal/timeseries
- name: google.golang.org/grpc
  version: 13edeeffdea7a41d5aad96c28deb4c7bd01a9397
  subpackages:
  - codes
  - credentials
  - grpclog
  - internal
  - metadata
  - naming
  - transport
  - peer
testImports: []
