hash: f9564a7a61e97ae7529c049d17a5eead6beb252ed23ed3e8d8e1489f1b1abd38
updated: 2016-07-23T14:42:27.395741688+09:00
imports:
- name: github.com/golang/protobuf
  version: 874264fbbb43f4d91e999fecb4b40143ed611400
  subpackages:
  - proto
- name: golang.org/x/net
  version: 4d38db76854b199960801a1734443fd02870d7e1
  subpackages:
  - context
  - http2
  - trace
  - http2/hpack
  - lex/httplex
  - internal/timeseries
- name: google.golang.org/grpc
  version: 13edeeffdea7a41d5aad96c28deb4c7bd01a9397
  subpackages:
  - codes
  - credentials
  - grpclog
  - internal
  - metadata
  - naming
  - transport
  - peer
testImports: []
